_bases_dir: bases.external
_inflated_dir: bases
_version: v0.1.0
bases:
- build_datetime_utc: '2023-02-02T07:57:48.546252'
  hash: e723314428b9b8a51f34083d05a4965fdc81aef39ea46819d1db87e0fc506fb8
  hash_type: sha256
  name: prometheus
  path: prometheus
- build_datetime_utc: '2023-02-02T06:05:16.827607'
  hash: 1147765b4fcbdd45810d8b7640ea3396052f0e630b6eea237dca7bde584a7925
  hash_type: sha256
  name: kiali
  path: kiali
- build_datetime_utc: '2023-02-02T04:40:52.921604'
  hash: c4fe570e2ef41311c727270779a0efd20466345706aebda3109c258709ace181
  hash_type: sha256
  name: onlyoffice
  path: onlyoffice
- build_datetime_utc: '2023-02-01T02:47:50.182012'
  hash: d2dcf954e617bc9aa2a38681771a5047fe0f84238bca1b0d147c2013e4051e72
  hash_type: sha256
  name: nextcloud
  path: nextcloud
- build_datetime_utc: '2023-01-31T03:18:52.748225'
  hash: 611304a77c3a9fc7631d7f85e075022e1b25b365c04a36dd3ac73ea6b7a6d484
  hash_type: sha256
  name: crd
  path: crd
- build_datetime_utc: '2023-01-30T01:16:13.819632'
  hash: e9c65b252da724a4c551680408f331834baad819a60906279df44ac78d6d3112
  hash_type: sha256
  name: ceph-csi-cephfs
  path: ceph-csi-cephfs
- build_datetime_utc: '2023-01-30T01:06:33.438098'
  hash: 561e8af879e9c032f69f89a18babd26384e4dbf1271015080940938ee121eb00
  hash_type: sha256
  name: ceph-csi-rbd
  path: ceph-csi-rbd
- build_datetime_utc: '2023-01-21T01:13:58.627970'
  hash: 84375c2b3241afaa219108ed035059bc783fa7b003463163da6e6a71d980ecd4
  hash_type: sha256
  name: argo-cd
  path: argo-cd
- build_datetime_utc: '2023-01-20T21:16:23.656905'
  hash: cfd46f0c8c23f316452cd1336f3fdec05fc1ec109d76e28194c22809ac213dbe
  hash_type: sha256
  name: istio
  path: istio
- build_datetime_utc: '2023-01-13T20:52:32.412509'
  hash: 2648964aa588ec43f958d2d23ae20ecfcff329b1eb8bf5d21695805f3045f137
  hash_type: sha256
  name: sealed-secrets
  path: sealed-secrets
- build_datetime_utc: '2023-01-13T20:52:32.412509'
  hash: b50cac5ef14a31371ccdb886bc9fc5c088713ee6c20f75f26debcc21f0a00f32
  hash_type: sha256
  name: cert-manager
  path: cert-manager
- build_datetime_utc: '2023-01-13T20:52:32.412509'
  hash: bb88cf9f49c5315978b287c4588f72717710f74d00abeb4cd9df63c160ae71ad
  hash_type: sha256
  name: kubernetes-dashboard
  path: kubernetes-dashboard
- build_datetime_utc: '2023-01-12T17:26:33.720289'
  hash: 5527280e81e7ef71b444e647b66cbe672dff22d545820248b61ffe2b8491ce99
  hash_type: sha256
  name: metallb
  path: metallb
