_build_dir: generated
_sources_dir: external
_version: v0.2.0
builds:
- build_datetime_utc: '2024-03-11T00:28:55.499918'
  hash: 43c23aa94040ef848c36a578de018e9c6bec1973af12ca687653c1f188942252
  hash_type: sha256
  name: nextcloud
  path: nextcloud
- build_datetime_utc: '2024-01-06T03:49:02.300173'
  hash: 616995a676d360f74e850effde8de82a6bbcf6c1361d8c8242c3c6ca985b3424
  hash_type: sha256
  name: ceph-csi-cephfs
  path: ceph-csi-cephfs
- build_datetime_utc: '2024-01-06T03:49:02.300173'
  hash: 6fcb842b42672b060ee495e35a8f7f5ccc18d457ea5d9be11a9b18d138c58068
  hash_type: sha256
  name: ceph-csi-rbd
  path: ceph-csi-rbd
- build_datetime_utc: '2023-11-28T19:10:31.561899'
  hash: ab3b2b0c3af3c0ff319993cdef920f73e0fe848801b378fea8be0c9de34b9b81
  hash_type: sha256
  name: argo-cd
  path: argo-cd
- build_datetime_utc: '2023-10-19T02:38:25.513820'
  hash: ccafcc4d8ce53c9b72e1e7c63bf55780d0c7788d2392680dbfb7cf0dd432d161
  hash_type: sha256
  name: awx
  path: awx
- build_datetime_utc: '2023-07-05T02:29:25.231957'
  hash: 54fb9f3a55e6ea108e2beb390315d7b2ce456c84c70a4678cc496d2bac6c4ac8
  hash_type: sha256
  name: kiali
  path: kiali
- build_datetime_utc: '2023-07-05T02:29:25.231957'
  hash: 6bdfae701ab0a4d9248290ac5874f9a71f08131bb51842b220381aba8a1da949
  hash_type: sha256
  name: sealed-secrets
  path: sealed-secrets
- build_datetime_utc: '2023-04-02T06:56:42.565703'
  hash: d4b6bd44cceba09872035bcef6c827f90e934f4b48876204e4973ad980298ada
  hash_type: sha256
  name: istio
  path: istio
- build_datetime_utc: '2023-03-31T04:40:10.464142'
  hash: e9713971bc41c4b0b07bc979c752c2aabac59cf653e6e107ea4c666fd0090406
  hash_type: sha256
  name: crd
  path: crd
- build_datetime_utc: '2023-03-28T18:58:29.283844'
  hash: 9d2ad6b106abdba53bdc30dd8bf2715d36da17eae646345fdebd46af6786d739
  hash_type: sha256
  name: prometheus
  path: prometheus
- build_datetime_utc: '2023-03-28T11:55:01.324559'
  hash: 6b8e9c5914bd142620dbed37ff0035bb71a9f3dfe40b808bbdc4adced76e796f
  hash_type: sha256
  name: kubernetes-dashboard
  path: kubernetes-dashboard
- build_datetime_utc: '2023-03-18T01:19:19.572775'
  hash: 3350dc1fa6965782299dd524d2b0531cd021aee8110e837b3e55f1d79b8d590b
  hash_type: sha256
  name: harbor
  path: harbor
- build_datetime_utc: '2023-02-10T11:59:14.655596'
  hash: 5f276f4eaebd0e29c9a5e93fbd74d8b9b7d83db92849af784dd52dbc56e68a5f
  hash_type: sha256
  name: grafana
  path: grafana
- build_datetime_utc: '2023-02-06T21:44:42.335767'
  hash: 10443723ece74915fa1cc313ebecbc714836f7c14f5fa3f5eb00dd0d5c2fabea
  hash_type: sha256
  name: bookstack
  path: bookstack
- build_datetime_utc: '2023-02-05T06:28:45.068417'
  hash: e4969c623195def91d75f03ca1de70e47f036d87633436b0745c7139d05c5875
  hash_type: sha256
  name: influxdb
  path: influxdb
- build_datetime_utc: '2023-02-02T04:40:52.921604'
  hash: c4fe570e2ef41311c727270779a0efd20466345706aebda3109c258709ace181
  hash_type: sha256
  name: onlyoffice
  path: onlyoffice
- build_datetime_utc: '2023-01-13T20:52:32.412509'
  hash: b50cac5ef14a31371ccdb886bc9fc5c088713ee6c20f75f26debcc21f0a00f32
  hash_type: sha256
  name: cert-manager
  path: cert-manager
- build_datetime_utc: '2023-01-12T17:26:33.720289'
  hash: 5527280e81e7ef71b444e647b66cbe672dff22d545820248b61ffe2b8491ce99
  hash_type: sha256
  name: metallb
  path: metallb
